
Microsoft Visual Studio Solution File, Format Version 12.00
# Visual Studio 15
VisualStudioVersion = 15.0.28307.271
MinimumVisualStudioVersion = 10.0.40219.1
Project("{FAE04EC0-301F-11D3-BF4B-00C04F79EFBC}") = "XamarinEssentials_FullDemo", "XamarinEssentials_FullDemo\XamarinEssentials_FullDemo\XamarinEssentials_FullDemo.csproj", "{B18CD375-E920-4375-85E7-BB35089E5E2F}"
EndProject
Project("{FAE04EC0-301F-11D3-BF4B-00C04F79EFBC}") = "XamarinEssentials_FullDemo.Android", "XamarinEssentials_FullDemo\XamarinEssentials_FullDemo.Android\XamarinEssentials_FullDemo.Android.csproj", "{141DBD31-9822-469A-A779-2C80DF7DE74B}"
EndProject
Project("{FAE04EC0-301F-11D3-BF4B-00C04F79EFBC}") = "XamarinEssentials_FullDemo.iOS", "XamarinEssentials_FullDemo\XamarinEssentials_FullDemo.iOS\XamarinEssentials_FullDemo.iOS.csproj", "{3B189FF7-3563-493D-AC9E-C2EF0020F408}"
EndProject
Project("{FAE04EC0-301F-11D3-BF4B-00C04F79EFBC}") = "XamarinEssentials_FullDemo.UWP", "XamarinEssentials_FullDemo\XamarinEssentials_FullDemo.UWP\XamarinEssentials_FullDemo.UWP.csproj", "{AE2F813B-9223-46AB-9E1B-D0AD6B9FD745}"
EndProject
Global
	GlobalSection(SolutionConfigurationPlatforms) = preSolution
		Ad-Hoc|Any CPU = Ad-Hoc|Any CPU
		Ad-Hoc|ARM = Ad-Hoc|ARM
		Ad-Hoc|iPhone = Ad-Hoc|iPhone
		Ad-Hoc|iPhoneSimulator = Ad-Hoc|iPhoneSimulator
		Ad-Hoc|x64 = Ad-Hoc|x64
		Ad-Hoc|x86 = Ad-Hoc|x86
		AppStore|Any CPU = AppStore|Any CPU
		AppStore|ARM = AppStore|ARM
		AppStore|iPhone = AppStore|iPhone
		AppStore|iPhoneSimulator = AppStore|iPhoneSimulator
		AppStore|x64 = AppStore|x64
		AppStore|x86 = AppStore|x86
		Debug|Any CPU = Debug|Any CPU
		Debug|ARM = Debug|ARM
		Debug|iPhone = Debug|iPhone
		Debug|iPhoneSimulator = Debug|iPhoneSimulator
		Debug|x64 = Debug|x64
		Debug|x86 = Debug|x86
		Release|Any CPU = Release|Any CPU
		Release|ARM = Release|ARM
		Release|iPhone = Release|iPhone
		Release|iPhoneSimulator = Release|iPhoneSimulator
		Release|x64 = Release|x64
		Release|x86 = Release|x86
	EndGlobalSection
	GlobalSection(ProjectConfigurationPlatforms) = postSolution
		{B18CD375-E920-4375-85E7-BB35089E5E2F}.Ad-Hoc|Any CPU.ActiveCfg = Debug|Any CPU
		{B18CD375-E920-4375-85E7-BB35089E5E2F}.Ad-Hoc|Any CPU.Build.0 = Debug|Any CPU
		{B18CD375-E920-4375-85E7-BB35089E5E2F}.Ad-Hoc|ARM.ActiveCfg = Debug|Any CPU
		{B18CD375-E920-4375-85E7-BB35089E5E2F}.Ad-Hoc|ARM.Build.0 = Debug|Any CPU
		{B18CD375-E920-4375-85E7-BB35089E5E2F}.Ad-Hoc|iPhone.ActiveCfg = Debug|Any CPU
		{B18CD375-E920-4375-85E7-BB35089E5E2F}.Ad-Hoc|iPhone.Build.0 = Debug|Any CPU
		{B18CD375-E920-4375-85E7-BB35089E5E2F}.Ad-Hoc|iPhoneSimulator.ActiveCfg = Debug|Any CPU
		{B18CD375-E920-4375-85E7-BB35089E5E2F}.Ad-Hoc|iPhoneSimulator.Build.0 = Debug|Any CPU
		{B18CD375-E920-4375-85E7-BB35089E5E2F}.Ad-Hoc|x64.ActiveCfg = Debug|Any CPU
		{B18CD375-E920-4375-85E7-BB35089E5E2F}.Ad-Hoc|x64.Build.0 = Debug|Any CPU
		{B18CD375-E920-4375-85E7-BB35089E5E2F}.Ad-Hoc|x86.ActiveCfg = Debug|Any CPU
		{B18CD375-E920-4375-85E7-BB35089E5E2F}.Ad-Hoc|x86.Build.0 = Debug|Any CPU
		{B18CD375-E920-4375-85E7-BB35089E5E2F}.AppStore|Any CPU.ActiveCfg = Debug|Any CPU
		{B18CD375-E920-4375-85E7-BB35089E5E2F}.AppStore|Any CPU.Build.0 = Debug|Any CPU
		{B18CD375-E920-4375-85E7-BB35089E5E2F}.AppStore|ARM.ActiveCfg = Debug|Any CPU
		{B18CD375-E920-4375-85E7-BB35089E5E2F}.AppStore|ARM.Build.0 = Debug|Any CPU
		{B18CD375-E920-4375-85E7-BB35089E5E2F}.AppStore|iPhone.ActiveCfg = Debug|Any CPU
		{B18CD375-E920-4375-85E7-BB35089E5E2F}.AppStore|iPhone.Build.0 = Debug|Any CPU
		{B18CD375-E920-4375-85E7-BB35089E5E2F}.AppStore|iPhoneSimulator.ActiveCfg = Debug|Any CPU
		{B18CD375-E920-4375-85E7-BB35089E5E2F}.AppStore|iPhoneSimulator.Build.0 = Debug|Any CPU
		{B18CD375-E920-4375-85E7-BB35089E5E2F}.AppStore|x64.ActiveCfg = Debug|Any CPU
		{B18CD375-E920-4375-85E7-BB35089E5E2F}.AppStore|x64.Build.0 = Debug|Any CPU
		{B18CD375-E920-4375-85E7-BB35089E5E2F}.AppStore|x86.ActiveCfg = Debug|Any CPU
		{B18CD375-E920-4375-85E7-BB35089E5E2F}.AppStore|x86.Build.0 = Debug|Any CPU
		{B18CD375-E920-4375-85E7-BB35089E5E2F}.Debug|Any CPU.ActiveCfg = Debug|Any CPU
		{B18CD375-E920-4375-85E7-BB35089E5E2F}.Debug|Any CPU.Build.0 = Debug|Any CPU
		{B18CD375-E920-4375-85E7-BB35089E5E2F}.Debug|ARM.ActiveCfg = Debug|Any CPU
		{B18CD375-E920-4375-85E7-BB35089E5E2F}.Debug|ARM.Build.0 = Debug|Any CPU
		{B18CD375-E920-4375-85E7-BB35089E5E2F}.Debug|iPhone.ActiveCfg = Debug|Any CPU
		{B18CD375-E920-4375-85E7-BB35089E5E2F}.Debug|iPhone.Build.0 = Debug|Any CPU
		{B18CD375-E920-4375-85E7-BB35089E5E2F}.Debug|iPhoneSimulator.ActiveCfg = Debug|Any CPU
		{B18CD375-E920-4375-85E7-BB35089E5E2F}.Debug|iPhoneSimulator.Build.0 = Debug|Any CPU
		{B18CD375-E920-4375-85E7-BB35089E5E2F}.Debug|x64.ActiveCfg = Debug|Any CPU
		{B18CD375-E920-4375-85E7-BB35089E5E2F}.Debug|x64.Build.0 = Debug|Any CPU
		{B18CD375-E920-4375-85E7-BB35089E5E2F}.Debug|x86.ActiveCfg = Debug|Any CPU
		{B18CD375-E920-4375-85E7-BB35089E5E2F}.Debug|x86.Build.0 = Debug|Any CPU
		{B18CD375-E920-4375-85E7-BB35089E5E2F}.Release|Any CPU.ActiveCfg = Release|Any CPU
		{B18CD375-E920-4375-85E7-BB35089E5E2F}.Release|Any CPU.Build.0 = Release|Any CPU
		{B18CD375-E920-4375-85E7-BB35089E5E2F}.Release|ARM.ActiveCfg = Release|Any CPU
		{B18CD375-E920-4375-85E7-BB35089E5E2F}.Release|ARM.Build.0 = Release|Any CPU
		{B18CD375-E920-4375-85E7-BB35089E5E2F}.Release|iPhone.ActiveCfg = Release|Any CPU
		{B18CD375-E920-4375-85E7-BB35089E5E2F}.Release|iPhone.Build.0 = Release|Any CPU
		{B18CD375-E920-4375-85E7-BB35089E5E2F}.Release|iPhoneSimulator.ActiveCfg = Release|Any CPU
		{B18CD375-E920-4375-85E7-BB35089E5E2F}.Release|iPhoneSimulator.Build.0 = Release|Any CPU
		{B18CD375-E920-4375-85E7-BB35089E5E2F}.Release|x64.ActiveCfg = Release|Any CPU
		{B18CD375-E920-4375-85E7-BB35089E5E2F}.Release|x64.Build.0 = Release|Any CPU
		{B18CD375-E920-4375-85E7-BB35089E5E2F}.Release|x86.ActiveCfg = Release|Any CPU
		{B18CD375-E920-4375-85E7-BB35089E5E2F}.Release|x86.Build.0 = Release|Any CPU
		{141DBD31-9822-469A-A779-2C80DF7DE74B}.Ad-Hoc|Any CPU.ActiveCfg = Release|Any CPU
		{141DBD31-9822-469A-A779-2C80DF7DE74B}.Ad-Hoc|Any CPU.Build.0 = Release|Any CPU
		{141DBD31-9822-469A-A779-2C80DF7DE74B}.Ad-Hoc|Any CPU.Deploy.0 = Release|Any CPU
		{141DBD31-9822-469A-A779-2C80DF7DE74B}.Ad-Hoc|ARM.ActiveCfg = Release|Any CPU
		{141DBD31-9822-469A-A779-2C80DF7DE74B}.Ad-Hoc|ARM.Build.0 = Release|Any CPU
		{141DBD31-9822-469A-A779-2C80DF7DE74B}.Ad-Hoc|ARM.Deploy.0 = Release|Any CPU
		{141DBD31-9822-469A-A779-2C80DF7DE74B}.Ad-Hoc|iPhone.ActiveCfg = Release|Any CPU
		{141DBD31-9822-469A-A779-2C80DF7DE74B}.Ad-Hoc|iPhone.Build.0 = Release|Any CPU
		{141DBD31-9822-469A-A779-2C80DF7DE74B}.Ad-Hoc|iPhone.Deploy.0 = Release|Any CPU
		{141DBD31-9822-469A-A779-2C80DF7DE74B}.Ad-Hoc|iPhoneSimulator.ActiveCfg = Release|Any CPU
		{141DBD31-9822-469A-A779-2C80DF7DE74B}.Ad-Hoc|iPhoneSimulator.Build.0 = Release|Any CPU
		{141DBD31-9822-469A-A779-2C80DF7DE74B}.Ad-Hoc|iPhoneSimulator.Deploy.0 = Release|Any CPU
		{141DBD31-9822-469A-A779-2C80DF7DE74B}.Ad-Hoc|x64.ActiveCfg = Release|Any CPU
		{141DBD31-9822-469A-A779-2C80DF7DE74B}.Ad-Hoc|x64.Build.0 = Release|Any CPU
		{141DBD31-9822-469A-A779-2C80DF7DE74B}.Ad-Hoc|x64.Deploy.0 = Release|Any CPU
		{141DBD31-9822-469A-A779-2C80DF7DE74B}.Ad-Hoc|x86.ActiveCfg = Release|Any CPU
		{141DBD31-9822-469A-A779-2C80DF7DE74B}.Ad-Hoc|x86.Build.0 = Release|Any CPU
		{141DBD31-9822-469A-A779-2C80DF7DE74B}.Ad-Hoc|x86.Deploy.0 = Release|Any CPU
		{141DBD31-9822-469A-A779-2C80DF7DE74B}.AppStore|Any CPU.ActiveCfg = Release|Any CPU
		{141DBD31-9822-469A-A779-2C80DF7DE74B}.AppStore|Any CPU.Build.0 = Release|Any CPU
		{141DBD31-9822-469A-A779-2C80DF7DE74B}.AppStore|Any CPU.Deploy.0 = Release|Any CPU
		{141DBD31-9822-469A-A779-2C80DF7DE74B}.AppStore|ARM.ActiveCfg = Release|Any CPU
		{141DBD31-9822-469A-A779-2C80DF7DE74B}.AppStore|ARM.Build.0 = Release|Any CPU
		{141DBD31-9822-469A-A779-2C80DF7DE74B}.AppStore|ARM.Deploy.0 = Release|Any CPU
		{141DBD31-9822-469A-A779-2C80DF7DE74B}.AppStore|iPhone.ActiveCfg = Release|Any CPU
		{141DBD31-9822-469A-A779-2C80DF7DE74B}.AppStore|iPhone.Build.0 = Release|Any CPU
		{141DBD31-9822-469A-A779-2C80DF7DE74B}.AppStore|iPhone.Deploy.0 = Release|Any CPU
		{141DBD31-9822-469A-A779-2C80DF7DE74B}.AppStore|iPhoneSimulator.ActiveCfg = Release|Any CPU
		{141DBD31-9822-469A-A779-2C80DF7DE74B}.AppStore|iPhoneSimulator.Build.0 = Release|Any CPU
		{141DBD31-9822-469A-A779-2C80DF7DE74B}.AppStore|iPhoneSimulator.Deploy.0 = Release|Any CPU
		{141DBD31-9822-469A-A779-2C80DF7DE74B}.AppStore|x64.ActiveCfg = Release|Any CPU
		{141DBD31-9822-469A-A779-2C80DF7DE74B}.AppStore|x64.Build.0 = Release|Any CPU
		{141DBD31-9822-469A-A779-2C80DF7DE74B}.AppStore|x64.Deploy.0 = Release|Any CPU
		{141DBD31-9822-469A-A779-2C80DF7DE74B}.AppStore|x86.ActiveCfg = Release|Any CPU
		{141DBD31-9822-469A-A779-2C80DF7DE74B}.AppStore|x86.Build.0 = Release|Any CPU
		{141DBD31-9822-469A-A779-2C80DF7DE74B}.AppStore|x86.Deploy.0 = Release|Any CPU
		{141DBD31-9822-469A-A779-2C80DF7DE74B}.Debug|Any CPU.ActiveCfg = Debug|Any CPU
		{141DBD31-9822-469A-A779-2C80DF7DE74B}.Debug|Any CPU.Build.0 = Debug|Any CPU
		{141DBD31-9822-469A-A779-2C80DF7DE74B}.Debug|Any CPU.Deploy.0 = Debug|Any CPU
		{141DBD31-9822-469A-A779-2C80DF7DE74B}.Debug|ARM.ActiveCfg = Debug|Any CPU
		{141DBD31-9822-469A-A779-2C80DF7DE74B}.Debug|ARM.Build.0 = Debug|Any CPU
		{141DBD31-9822-469A-A779-2C80DF7DE74B}.Debug|ARM.Deploy.0 = Debug|Any CPU
		{141DBD31-9822-469A-A779-2C80DF7DE74B}.Debug|iPhone.ActiveCfg = Debug|Any CPU
		{141DBD31-9822-469A-A779-2C80DF7DE74B}.Debug|iPhone.Build.0 = Debug|Any CPU
		{141DBD31-9822-469A-A779-2C80DF7DE74B}.Debug|iPhone.Deploy.0 = Debug|Any CPU
		{141DBD31-9822-469A-A779-2C80DF7DE74B}.Debug|iPhoneSimulator.ActiveCfg = Debug|Any CPU
		{141DBD31-9822-469A-A779-2C80DF7DE74B}.Debug|iPhoneSimulator.Build.0 = Debug|Any CPU
		{141DBD31-9822-469A-A779-2C80DF7DE74B}.Debug|iPhoneSimulator.Deploy.0 = Debug|Any CPU
		{141DBD31-9822-469A-A779-2C80DF7DE74B}.Debug|x64.ActiveCfg = Debug|Any CPU
		{141DBD31-9822-469A-A779-2C80DF7DE74B}.Debug|x64.Build.0 = Debug|Any CPU
		{141DBD31-9822-469A-A779-2C80DF7DE74B}.Debug|x64.Deploy.0 = Debug|Any CPU
		{141DBD31-9822-469A-A779-2C80DF7DE74B}.Debug|x86.ActiveCfg = Debug|Any CPU
		{141DBD31-9822-469A-A779-2C80DF7DE74B}.Debug|x86.Build.0 = Debug|Any CPU
		{141DBD31-9822-469A-A779-2C80DF7DE74B}.Debug|x86.Deploy.0 = Debug|Any CPU
		{141DBD31-9822-469A-A779-2C80DF7DE74B}.Release|Any CPU.ActiveCfg = Release|Any CPU
		{141DBD31-9822-469A-A779-2C80DF7DE74B}.Release|Any CPU.Build.0 = Release|Any CPU
		{141DBD31-9822-469A-A779-2C80DF7DE74B}.Release|Any CPU.Deploy.0 = Release|Any CPU
		{141DBD31-9822-469A-A779-2C80DF7DE74B}.Release|ARM.ActiveCfg = Release|Any CPU
		{141DBD31-9822-469A-A779-2C80DF7DE74B}.Release|ARM.Build.0 = Release|Any CPU
		{141DBD31-9822-469A-A779-2C80DF7DE74B}.Release|ARM.Deploy.0 = Release|Any CPU
		{141DBD31-9822-469A-A779-2C80DF7DE74B}.Release|iPhone.ActiveCfg = Release|Any CPU
		{141DBD31-9822-469A-A779-2C80DF7DE74B}.Release|iPhone.Build.0 = Release|Any CPU
		{141DBD31-9822-469A-A779-2C80DF7DE74B}.Release|iPhone.Deploy.0 = Release|Any CPU
		{141DBD31-9822-469A-A779-2C80DF7DE74B}.Release|iPhoneSimulator.ActiveCfg = Release|Any CPU
		{141DBD31-9822-469A-A779-2C80DF7DE74B}.Release|iPhoneSimulator.Build.0 = Release|Any CPU
		{141DBD31-9822-469A-A779-2C80DF7DE74B}.Release|iPhoneSimulator.Deploy.0 = Release|Any CPU
		{141DBD31-9822-469A-A779-2C80DF7DE74B}.Release|x64.ActiveCfg = Release|Any CPU
		{141DBD31-9822-469A-A779-2C80DF7DE74B}.Release|x64.Build.0 = Release|Any CPU
		{141DBD31-9822-469A-A779-2C80DF7DE74B}.Release|x64.Deploy.0 = Release|Any CPU
		{141DBD31-9822-469A-A779-2C80DF7DE74B}.Release|x86.ActiveCfg = Release|Any CPU
		{141DBD31-9822-469A-A779-2C80DF7DE74B}.Release|x86.Build.0 = Release|Any CPU
		{141DBD31-9822-469A-A779-2C80DF7DE74B}.Release|x86.Deploy.0 = Release|Any CPU
		{3B189FF7-3563-493D-AC9E-C2EF0020F408}.Ad-Hoc|Any CPU.ActiveCfg = Ad-Hoc|iPhone
		{3B189FF7-3563-493D-AC9E-C2EF0020F408}.Ad-Hoc|ARM.ActiveCfg = Ad-Hoc|iPhone
		{3B189FF7-3563-493D-AC9E-C2EF0020F408}.Ad-Hoc|iPhone.ActiveCfg = Ad-Hoc|iPhone
		{3B189FF7-3563-493D-AC9E-C2EF0020F408}.Ad-Hoc|iPhone.Build.0 = Ad-Hoc|iPhone
		{3B189FF7-3563-493D-AC9E-C2EF0020F408}.Ad-Hoc|iPhoneSimulator.ActiveCfg = Ad-Hoc|iPhoneSimulator
		{3B189FF7-3563-493D-AC9E-C2EF0020F408}.Ad-Hoc|iPhoneSimulator.Build.0 = Ad-Hoc|iPhoneSimulator
		{3B189FF7-3563-493D-AC9E-C2EF0020F408}.Ad-Hoc|x64.ActiveCfg = Ad-Hoc|iPhone
		{3B189FF7-3563-493D-AC9E-C2EF0020F408}.Ad-Hoc|x86.ActiveCfg = Ad-Hoc|iPhone
		{3B189FF7-3563-493D-AC9E-C2EF0020F408}.AppStore|Any CPU.ActiveCfg = AppStore|iPhone
		{3B189FF7-3563-493D-AC9E-C2EF0020F408}.AppStore|ARM.ActiveCfg = AppStore|iPhone
		{3B189FF7-3563-493D-AC9E-C2EF0020F408}.AppStore|iPhone.ActiveCfg = AppStore|iPhone
		{3B189FF7-3563-493D-AC9E-C2EF0020F408}.AppStore|iPhone.Build.0 = AppStore|iPhone
		{3B189FF7-3563-493D-AC9E-C2EF0020F408}.AppStore|iPhoneSimulator.ActiveCfg = AppStore|iPhoneSimulator
		{3B189FF7-3563-493D-AC9E-C2EF0020F408}.AppStore|iPhoneSimulator.Build.0 = AppStore|iPhoneSimulator
		{3B189FF7-3563-493D-AC9E-C2EF0020F408}.AppStore|x64.ActiveCfg = AppStore|iPhone
		{3B189FF7-3563-493D-AC9E-C2EF0020F408}.AppStore|x86.ActiveCfg = AppStore|iPhone
		{3B189FF7-3563-493D-AC9E-C2EF0020F408}.Debug|Any CPU.ActiveCfg = Debug|iPhone
		{3B189FF7-3563-493D-AC9E-C2EF0020F408}.Debug|ARM.ActiveCfg = Debug|iPhone
		{3B189FF7-3563-493D-AC9E-C2EF0020F408}.Debug|iPhone.ActiveCfg = Debug|iPhone
		{3B189FF7-3563-493D-AC9E-C2EF0020F408}.Debug|iPhone.Build.0 = Debug|iPhone
		{3B189FF7-3563-493D-AC9E-C2EF0020F408}.Debug|iPhoneSimulator.ActiveCfg = Debug|iPhoneSimulator
		{3B189FF7-3563-493D-AC9E-C2EF0020F408}.Debug|iPhoneSimulator.Build.0 = Debug|iPhoneSimulator
		{3B189FF7-3563-493D-AC9E-C2EF0020F408}.Debug|x64.ActiveCfg = Debug|iPhone
		{3B189FF7-3563-493D-AC9E-C2EF0020F408}.Debug|x86.ActiveCfg = Debug|iPhone
		{3B189FF7-3563-493D-AC9E-C2EF0020F408}.Release|Any CPU.ActiveCfg = Release|iPhone
		{3B189FF7-3563-493D-AC9E-C2EF0020F408}.Release|ARM.ActiveCfg = Release|iPhone
		{3B189FF7-3563-493D-AC9E-C2EF0020F408}.Release|iPhone.ActiveCfg = Release|iPhone
		{3B189FF7-3563-493D-AC9E-C2EF0020F408}.Release|iPhone.Build.0 = Release|iPhone
		{3B189FF7-3563-493D-AC9E-C2EF0020F408}.Release|iPhoneSimulator.ActiveCfg = Release|iPhoneSimulator
		{3B189FF7-3563-493D-AC9E-C2EF0020F408}.Release|iPhoneSimulator.Build.0 = Release|iPhoneSimulator
		{3B189FF7-3563-493D-AC9E-C2EF0020F408}.Release|x64.ActiveCfg = Release|iPhone
		{3B189FF7-3563-493D-AC9E-C2EF0020F408}.Release|x86.ActiveCfg = Release|iPhone
		{AE2F813B-9223-46AB-9E1B-D0AD6B9FD745}.Ad-Hoc|Any CPU.ActiveCfg = Release|x86
		{AE2F813B-9223-46AB-9E1B-D0AD6B9FD745}.Ad-Hoc|Any CPU.Build.0 = Release|x86
		{AE2F813B-9223-46AB-9E1B-D0AD6B9FD745}.Ad-Hoc|Any CPU.Deploy.0 = Release|x86
		{AE2F813B-9223-46AB-9E1B-D0AD6B9FD745}.Ad-Hoc|ARM.ActiveCfg = Release|ARM
		{AE2F813B-9223-46AB-9E1B-D0AD6B9FD745}.Ad-Hoc|ARM.Build.0 = Release|ARM
		{AE2F813B-9223-46AB-9E1B-D0AD6B9FD745}.Ad-Hoc|ARM.Deploy.0 = Release|ARM
		{AE2F813B-9223-46AB-9E1B-D0AD6B9FD745}.Ad-Hoc|iPhone.ActiveCfg = Release|x86
		{AE2F813B-9223-46AB-9E1B-D0AD6B9FD745}.Ad-Hoc|iPhone.Build.0 = Release|x86
		{AE2F813B-9223-46AB-9E1B-D0AD6B9FD745}.Ad-Hoc|iPhone.Deploy.0 = Release|x86
		{AE2F813B-9223-46AB-9E1B-D0AD6B9FD745}.Ad-Hoc|iPhoneSimulator.ActiveCfg = Release|x86
		{AE2F813B-9223-46AB-9E1B-D0AD6B9FD745}.Ad-Hoc|iPhoneSimulator.Build.0 = Release|x86
		{AE2F813B-9223-46AB-9E1B-D0AD6B9FD745}.Ad-Hoc|iPhoneSimulator.Deploy.0 = Release|x86
		{AE2F813B-9223-46AB-9E1B-D0AD6B9FD745}.Ad-Hoc|x64.ActiveCfg = Release|x64
		{AE2F813B-9223-46AB-9E1B-D0AD6B9FD745}.Ad-Hoc|x64.Build.0 = Release|x64
		{AE2F813B-9223-46AB-9E1B-D0AD6B9FD745}.Ad-Hoc|x64.Deploy.0 = Release|x64
		{AE2F813B-9223-46AB-9E1B-D0AD6B9FD745}.Ad-Hoc|x86.ActiveCfg = Release|x86
		{AE2F813B-9223-46AB-9E1B-D0AD6B9FD745}.Ad-Hoc|x86.Build.0 = Release|x86
		{AE2F813B-9223-46AB-9E1B-D0AD6B9FD745}.Ad-Hoc|x86.Deploy.0 = Release|x86
		{AE2F813B-9223-46AB-9E1B-D0AD6B9FD745}.AppStore|Any CPU.ActiveCfg = Release|x86
		{AE2F813B-9223-46AB-9E1B-D0AD6B9FD745}.AppStore|Any CPU.Build.0 = Release|x86
		{AE2F813B-9223-46AB-9E1B-D0AD6B9FD745}.AppStore|Any CPU.Deploy.0 = Release|x86
		{AE2F813B-9223-46AB-9E1B-D0AD6B9FD745}.AppStore|ARM.ActiveCfg = Release|ARM
		{AE2F813B-9223-46AB-9E1B-D0AD6B9FD745}.AppStore|ARM.Build.0 = Release|ARM
		{AE2F813B-9223-46AB-9E1B-D0AD6B9FD745}.AppStore|ARM.Deploy.0 = Release|ARM
		{AE2F813B-9223-46AB-9E1B-D0AD6B9FD745}.AppStore|iPhone.ActiveCfg = Release|x86
		{AE2F813B-9223-46AB-9E1B-D0AD6B9FD745}.AppStore|iPhone.Build.0 = Release|x86
		{AE2F813B-9223-46AB-9E1B-D0AD6B9FD745}.AppStore|iPhone.Deploy.0 = Release|x86
		{AE2F813B-9223-46AB-9E1B-D0AD6B9FD745}.AppStore|iPhoneSimulator.ActiveCfg = Release|x86
		{AE2F813B-9223-46AB-9E1B-D0AD6B9FD745}.AppStore|iPhoneSimulator.Build.0 = Release|x86
		{AE2F813B-9223-46AB-9E1B-D0AD6B9FD745}.AppStore|iPhoneSimulator.Deploy.0 = Release|x86
		{AE2F813B-9223-46AB-9E1B-D0AD6B9FD745}.AppStore|x64.ActiveCfg = Release|x64
		{AE2F813B-9223-46AB-9E1B-D0AD6B9FD745}.AppStore|x64.Build.0 = Release|x64
		{AE2F813B-9223-46AB-9E1B-D0AD6B9FD745}.AppStore|x64.Deploy.0 = Release|x64
		{AE2F813B-9223-46AB-9E1B-D0AD6B9FD745}.AppStore|x86.ActiveCfg = Release|x86
		{AE2F813B-9223-46AB-9E1B-D0AD6B9FD745}.AppStore|x86.Build.0 = Release|x86
		{AE2F813B-9223-46AB-9E1B-D0AD6B9FD745}.AppStore|x86.Deploy.0 = Release|x86
		{AE2F813B-9223-46AB-9E1B-D0AD6B9FD745}.Debug|Any CPU.ActiveCfg = Debug|x86
		{AE2F813B-9223-46AB-9E1B-D0AD6B9FD745}.Debug|ARM.ActiveCfg = Debug|ARM
		{AE2F813B-9223-46AB-9E1B-D0AD6B9FD745}.Debug|ARM.Build.0 = Debug|ARM
		{AE2F813B-9223-46AB-9E1B-D0AD6B9FD745}.Debug|ARM.Deploy.0 = Debug|ARM
		{AE2F813B-9223-46AB-9E1B-D0AD6B9FD745}.Debug|iPhone.ActiveCfg = Debug|x86
		{AE2F813B-9223-46AB-9E1B-D0AD6B9FD745}.Debug|iPhoneSimulator.ActiveCfg = Debug|x86
		{AE2F813B-9223-46AB-9E1B-D0AD6B9FD745}.Debug|x64.ActiveCfg = Debug|x64
		{AE2F813B-9223-46AB-9E1B-D0AD6B9FD745}.Debug|x64.Build.0 = Debug|x64
		{AE2F813B-9223-46AB-9E1B-D0AD6B9FD745}.Debug|x64.Deploy.0 = Debug|x64
		{AE2F813B-9223-46AB-9E1B-D0AD6B9FD745}.Debug|x86.ActiveCfg = Debug|x86
		{AE2F813B-9223-46AB-9E1B-D0AD6B9FD745}.Debug|x86.Build.0 = Debug|x86
		{AE2F813B-9223-46AB-9E1B-D0AD6B9FD745}.Debug|x86.Deploy.0 = Debug|x86
		{AE2F813B-9223-46AB-9E1B-D0AD6B9FD745}.Release|Any CPU.ActiveCfg = Release|x86
		{AE2F813B-9223-46AB-9E1B-D0AD6B9FD745}.Release|ARM.ActiveCfg = Release|ARM
		{AE2F813B-9223-46AB-9E1B-D0AD6B9FD745}.Release|ARM.Build.0 = Release|ARM
		{AE2F813B-9223-46AB-9E1B-D0AD6B9FD745}.Release|ARM.Deploy.0 = Release|ARM
		{AE2F813B-9223-46AB-9E1B-D0AD6B9FD745}.Release|iPhone.ActiveCfg = Release|x86
		{AE2F813B-9223-46AB-9E1B-D0AD6B9FD745}.Release|iPhoneSimulator.ActiveCfg = Release|x86
		{AE2F813B-9223-46AB-9E1B-D0AD6B9FD745}.Release|x64.ActiveCfg = Release|x64
		{AE2F813B-9223-46AB-9E1B-D0AD6B9FD745}.Release|x64.Build.0 = Release|x64
		{AE2F813B-9223-46AB-9E1B-D0AD6B9FD745}.Release|x64.Deploy.0 = Release|x64
		{AE2F813B-9223-46AB-9E1B-D0AD6B9FD745}.Release|x86.ActiveCfg = Release|x86
		{AE2F813B-9223-46AB-9E1B-D0AD6B9FD745}.Release|x86.Build.0 = Release|x86
		{AE2F813B-9223-46AB-9E1B-D0AD6B9FD745}.Release|x86.Deploy.0 = Release|x86
	EndGlobalSection
	GlobalSection(SolutionProperties) = preSolution
		HideSolutionNode = FALSE
	EndGlobalSection
	GlobalSection(ExtensibilityGlobals) = postSolution
		SolutionGuid = {58B27CDC-0CC9-4F6F-8EBD-E8D2695DF9D1}
	EndGlobalSection
EndGlobal
